// !$*UTF8*$!
{
	archiveVersion = 1;
	classes = {
	};
	objectVersion = 77;
	objects = {

/* Begin PBXBuildFile section */
		AADAF0E62EB3F0F400C6E5BA /* KeyboardExtension.appex in Embed Foundation Extensions */ = {isa = PBXBuildFile; fileRef = AADAF0DF2EB3F0F400C6E5BA /* KeyboardExtension.appex */; settings = {ATTRIBUTES = (RemoveHeadersOnCopy, ); }; };
/* End PBXBuildFile section */

/* Begin PBXContainerItemProxy section */
		AADAF0BE2EB3F0C700C6E5BA /* PBXContainerItemProxy */ = {
			isa = PBXContainerItemProxy;
			containerPortal = AADAF09F2EB3F0C500C6E5BA /* Project object */;
			proxyType = 1;
			remoteGlobalIDString = AADAF0A62EB3F0C500C6E5BA;
			remoteInfo = KeyboardAi;
		};
		AADAF0C82EB3F0C700C6E5BA /* PBXContainerItemProxy */ = {
			isa = PBXContainerItemProxy;
			containerPortal = AADAF09F2EB3F0C500C6E5BA /* Project object */;
			proxyType = 1;
			remoteGlobalIDString = AADAF0A62EB3F0C500C6E5BA;
			remoteInfo = KeyboardAi;
		};
		AADAF0E42EB3F0F400C6E5BA /* PBXContainerItemProxy */ = {
			isa = PBXContainerItemProxy;
			containerPortal = AADAF09F2EB3F0C500C6E5BA /* Project object */;
			proxyType = 1;
			remoteGlobalIDString = AADAF0DE2EB3F0F400C6E5BA;
			remoteInfo = KeyboardExtension;
		};
/* End PBXContainerItemProxy section */

/* Begin PBXCopyFilesBuildPhase section */
		AADAF0EB2EB3F0F400C6E5BA /* Embed Foundation Extensions */ = {
			isa = PBXCopyFilesBuildPhase;
			buildActionMask = 2147483647;
			dstPath = "";
			dstSubfolderSpec = 13;
			files = (
				AADAF0E62EB3F0F400C6E5BA /* KeyboardExtension.appex in Embed Foundation Extensions */,
			);
			name = "Embed Foundation Extensions";
			runOnlyForDeploymentPostprocessing = 0;
		};
/* End PBXCopyFilesBuildPhase section */

/* Begin PBXFileReference section */
		AADAF0A72EB3F0C500C6E5BA /* KeyboardAi.app */ = {isa = PBXFileReference; explicitFileType = wrapper.application; includeInIndex = 0; path = KeyboardAi.app; sourceTree = BUILT_PRODUCTS_DIR; };
		AADAF0BD2EB3F0C700C6E5BA /* KeyboardAiTests.xctest */ = {isa = PBXFileReference; explicitFileType = wrapper.cfbundle; includeInIndex = 0; path = KeyboardAiTests.xctest; sourceTree = BUILT_PRODUCTS_DIR; };
		AADAF0C72EB3F0C700C6E5BA /* KeyboardAiUITests.xctest */ = {isa = PBXFileReference; explicitFileType = wrapper.cfbundle; includeInIndex = 0; path = KeyboardAiUITests.xctest; sourceTree = BUILT_PRODUCTS_DIR; };
		AADAF0DF2EB3F0F400C6E5BA /* KeyboardExtension.appex */ = {isa = PBXFileReference; explicitFileType = "wrapper.app-extension"; includeInIndex = 0; path = KeyboardExtension.appex; sourceTree = BUILT_PRODUCTS_DIR; };
/* End PBXFileReference section */

/* Begin PBXFileSystemSynchronizedBuildFileExceptionSet section */
		AADAF0CF2EB3F0C700C6E5BA /* Exceptions for "KeyboardAi" folder in "KeyboardAi" target */ = {
			isa = PBXFileSystemSynchronizedBuildFileExceptionSet;
			membershipExceptions = (
				Info.plist,
			);
			target = AADAF0A62EB3F0C500C6E5BA /* KeyboardAi */;
		};
		AADAF0EA2EB3F0F400C6E5BA /* Exceptions for "KeyboardExtension" folder in "KeyboardExtension" target */ = {
			isa = PBXFileSystemSynchronizedBuildFileExceptionSet;
			membershipExceptions = (
				Info.plist,
			);
			target = AADAF0DE2EB3F0F400C6E5BA /* KeyboardExtension */;
		};
/* End PBXFileSystemSynchronizedBuildFileExceptionSet section */

/* Begin PBXFileSystemSynchronizedRootGroup section */
		AADAF0A92EB3F0C500C6E5BA /* KeyboardAi */ = {
			isa = PBXFileSystemSynchronizedRootGroup;
			exceptions = (
				AADAF0CF2EB3F0C700C6E5BA /* Exceptions for "KeyboardAi" folder in "KeyboardAi" target */,
			);
			path = KeyboardAi;
			sourceTree = "<group>";
		};
		AADAF0C02EB3F0C700C6E5BA /* KeyboardAiTests */ = {
			isa = PBXFileSystemSynchronizedRootGroup;
			path = KeyboardAiTests;
			sourceTree = "<group>";
		};
		AADAF0CA2EB3F0C700C6E5BA /* KeyboardAiUITests */ = {
			isa = PBXFileSystemSynchronizedRootGroup;
			path = KeyboardAiUITests;
			sourceTree = "<group>";
		};
		AADAF0E02EB3F0F400C6E5BA /* KeyboardExtension */ = {
			isa = PBXFileSystemSynchronizedRootGroup;
			exceptions = (
				AADAF0EA2EB3F0F400C6E5BA /* Exceptions for "KeyboardExtension" folder in "KeyboardExtension" target */,
			);
			path = KeyboardExtension;
			sourceTree = "<group>";
		};
/* End PBXFileSystemSynchronizedRootGroup section */

/* Begin PBXFrameworksBuildPhase section */
		AADAF0A42EB3F0C500C6E5BA /* Frameworks */ = {
			isa = PBXFrameworksBuildPhase;
			buildActionMask = 2147483647;
			files = (
			);
			runOnlyForDeploymentPostprocessing = 0;
		};
		AADAF0BA2EB3F0C700C6E5BA /* Frameworks */ = {
			isa = PBXFrameworksBuildPhase;
			buildActionMask = 2147483647;
			files = (
			);
			runOnlyForDeploymentPostprocessing = 0;
		};
		AADAF0C42EB3F0C700C6E5BA /* Frameworks */ = {
			isa = PBXFrameworksBuildPhase;
			buildActionMask = 2147483647;
			files = (
			);
			runOnlyForDeploymentPostprocessing = 0;
		};
		AADAF0DC2EB3F0F400C6E5BA /* Frameworks */ = {
			isa = PBXFrameworksBuildPhase;
			buildActionMask = 2147483647;
			files = (
			);
			runOnlyForDeploymentPostprocessing = 0;
		};
/* End PBXFrameworksBuildPhase section */

/* Begin PBXGroup section */
		AADAF09E2EB3F0C500C6E5BA = {
			isa = PBXGroup;
			children = (
				AADAF0A92EB3F0C500C6E5BA /* KeyboardAi */,
				AADAF0C02EB3F0C700C6E5BA /* KeyboardAiTests */,
				AADAF0CA2EB3F0C700C6E5BA /* KeyboardAiUITests */,
				AADAF0E02EB3F0F400C6E5BA /* KeyboardExtension */,
				AADAF0A82EB3F0C500C6E5BA /* Products */,
			);
			sourceTree = "<group>";
		};
		AADAF0A82EB3F0C500C6E5BA /* Products */ = {
			isa = PBXGroup;
			children = (
				AADAF0A72EB3F0C500C6E5BA /* KeyboardAi.app */,
				AADAF0BD2EB3F0C700C6E5BA /* KeyboardAiTests.xctest */,
				AADAF0C72EB3F0C700C6E5BA /* KeyboardAiUITests.xctest */,
				AADAF0DF2EB3F0F400C6E5BA /* KeyboardExtension.appex */,
			);
			name = Products;
			sourceTree = "<group>";
		};
/* End PBXGroup section */

/* Begin PBXNativeTarget section */
		AADAF0A62EB3F0C500C6E5BA /* KeyboardAi */ = {
			isa = PBXNativeTarget;
			buildConfigurationList = AADAF0D02EB3F0C700C6E5BA /* Build configuration list for PBXNativeTarget "KeyboardAi" */;
			buildPhases = (
				AADAF0A32EB3F0C500C6E5BA /* Sources */,
				AADAF0A42EB3F0C500C6E5BA /* Frameworks */,
				AADAF0A52EB3F0C500C6E5BA /* Resources */,
				AADAF0EB2EB3F0F400C6E5BA /* Embed Foundation Extensions */,
			);
			buildRules = (
			);
			dependencies = (
				AADAF0E52EB3F0F400C6E5BA /* PBXTargetDependency */,
			);
			fileSystemSynchronizedGroups = (
				AADAF0A92EB3F0C500C6E5BA /* KeyboardAi */,
			);
			name = KeyboardAi;
			packageProductDependencies = (
			);
			productName = KeyboardAi;
			productReference = AADAF0A72EB3F0C500C6E5BA /* KeyboardAi.app */;
			productType = "com.apple.product-type.application";
		};
		AADAF0BC2EB3F0C700C6E5BA /* KeyboardAiTests */ = {
			isa = PBXNativeTarget;
			buildConfigurationList = AADAF0D52EB3F0C700C6E5BA /* Build configuration list for PBXNativeTarget "KeyboardAiTests" */;
			buildPhases = (
				AADAF0B92EB3F0C700C6E5BA /* Sources */,
				AADAF0BA2EB3F0C700C6E5BA /* Frameworks */,
				AADAF0BB2EB3F0C700C6E5BA /* Resources */,
			);
			buildRules = (
			);
			dependencies = (
				AADAF0BF2EB3F0C700C6E5BA /* PBXTargetDependency */,
			);
			fileSystemSynchronizedGroups = (
				AADAF0C02EB3F0C700C6E5BA /* KeyboardAiTests */,
			);
			name = KeyboardAiTests;
			packageProductDependencies = (
			);
			productName = KeyboardAiTests;
			productReference = AADAF0BD2EB3F0C700C6E5BA /* KeyboardAiTests.xctest */;
			productType = "com.apple.product-type.bundle.unit-test";
		};
		AADAF0C62EB3F0C700C6E5BA /* KeyboardAiUITests */ = {
			isa = PBXNativeTarget;
			buildConfigurationList = AADAF0D82EB3F0C700C6E5BA /* Build configuration list for PBXNativeTarget "KeyboardAiUITests" */;
			buildPhases = (
				AADAF0C32EB3F0C700C6E5BA /* Sources */,
				AADAF0C42EB3F0C700C6E5BA /* Frameworks */,
				AADAF0C52EB3F0C700C6E5BA /* Resources */,
			);
			buildRules = (
			);
			dependencies = (
				AADAF0C92EB3F0C700C6E5BA /* PBXTargetDependency */,
			);
			fileSystemSynchronizedGroups = (
				AADAF0CA2EB3F0C700C6E5BA /* KeyboardAiUITests */,
			);
			name = KeyboardAiUITests;
			packageProductDependencies = (
			);
			productName = KeyboardAiUITests;
			productReference = AADAF0C72EB3F0C700C6E5BA /* KeyboardAiUITests.xctest */;
			productType = "com.apple.product-type.bundle.ui-testing";
		};
		AADAF0DE2EB3F0F400C6E5BA /* KeyboardExtension */ = {
			isa = PBXNativeTarget;
			buildConfigurationList = AADAF0E72EB3F0F400C6E5BA /* Build configuration list for PBXNativeTarget "KeyboardExtension" */;
			buildPhases = (
				AADAF0DB2EB3F0F400C6E5BA /* Sources */,
				AADAF0DC2EB3F0F400C6E5BA /* Frameworks */,
				AADAF0DD2EB3F0F400C6E5BA /* Resources */,
			);
			buildRules = (
			);
			dependencies = (
			);
			fileSystemSynchronizedGroups = (
				AADAF0E02EB3F0F400C6E5BA /* KeyboardExtension */,
			);
			name = KeyboardExtension;
			packageProductDependencies = (
			);
			productName = KeyboardExtension;
			productReference = AADAF0DF2EB3F0F400C6E5BA /* KeyboardExtension.appex */;
			productType = "com.apple.product-type.app-extension";
		};
/* End PBXNativeTarget section */

/* Begin PBXProject section */
		AADAF09F2EB3F0C500C6E5BA /* Project object */ = {
			isa = PBXProject;
			attributes = {
				BuildIndependentTargetsInParallel = 1;
				LastSwiftUpdateCheck = 2600;
				LastUpgradeCheck = 2600;
				TargetAttributes = {
					AADAF0A62EB3F0C500C6E5BA = {
						CreatedOnToolsVersion = 26.0.1;
					};
					AADAF0BC2EB3F0C700C6E5BA = {
						CreatedOnToolsVersion = 26.0.1;
						TestTargetID = AADAF0A62EB3F0C500C6E5BA;
					};
					AADAF0C62EB3F0C700C6E5BA = {
						CreatedOnToolsVersion = 26.0.1;
						TestTargetID = AADAF0A62EB3F0C500C6E5BA;
					};
					AADAF0DE2EB3F0F400C6E5BA = {
						CreatedOnToolsVersion = 26.0.1;
					};
				};
			};
			buildConfigurationList = AADAF0A22EB3F0C500C6E5BA /* Build configuration list for PBXProject "KeyboardAi" */;
			developmentRegion = en;
			hasScannedForEncodings = 0;
			knownRegions = (
				en,
				Base,
			);
			mainGroup = AADAF09E2EB3F0C500C6E5BA;
			minimizedProjectReferenceProxies = 1;
			preferredProjectObjectVersion = 77;
			productRefGroup = AADAF0A82EB3F0C500C6E5BA /* Products */;
			projectDirPath = "";
			projectRoot = "";
			targets = (
				AADAF0A62EB3F0C500C6E5BA /* KeyboardAi */,
				AADAF0BC2EB3F0C700C6E5BA /* KeyboardAiTests */,
				AADAF0C62EB3F0C700C6E5BA /* KeyboardAiUITests */,
				AADAF0DE2EB3F0F400C6E5BA /* KeyboardExtension */,
			);
		};
/* End PBXProject section */

/* Begin PBXResourcesBuildPhase section */
		AADAF0A52EB3F0C500C6E5BA /* Resources */ = {
			isa = PBXResourcesBuildPhase;
			buildActionMask = 2147483647;
			files = (
			);
			runOnlyForDeploymentPostprocessing = 0;
		};
		AADAF0BB2EB3F0C700C6E5BA /* Resources */ = {
			isa = PBXResourcesBuildPhase;
			buildActionMask = 2147483647;
			files = (
			);
			runOnlyForDeploymentPostprocessing = 0;
		};
		AADAF0C52EB3F0C700C6E5BA /* Resources */ = {
			isa = PBXResourcesBuildPhase;
			buildActionMask = 2147483647;
			files = (
			);
			runOnlyForDeploymentPostprocessing = 0;
		};
		AADAF0DD2EB3F0F400C6E5BA /* Resources */ = {
			isa = PBXResourcesBuildPhase;
			buildActionMask = 2147483647;
			files = (
			);
			runOnlyForDeploymentPostprocessing = 0;
		};
/* End PBXResourcesBuildPhase section */

/* Begin PBXSourcesBuildPhase section */
		AADAF0A32EB3F0C500C6E5BA /* Sources */ = {
			isa = PBXSourcesBuildPhase;
			buildActionMask = 2147483647;
			files = (
			);
			runOnlyForDeploymentPostprocessing = 0;
		};
		AADAF0B92EB3F0C700C6E5BA /* Sources */ = {
			isa = PBXSourcesBuildPhase;
			buildActionMask = 2147483647;
			files = (
			);
			runOnlyForDeploymentPostprocessing = 0;
		};
		AADAF0C32EB3F0C700C6E5BA /* Sources */ = {
			isa = PBXSourcesBuildPhase;
			buildActionMask = 2147483647;
			files = (
			);
			runOnlyForDeploymentPostprocessing = 0;
		};
		AADAF0DB2EB3F0F400C6E5BA /* Sources */ = {
			isa = PBXSourcesBuildPhase;
			buildActionMask = 2147483647;
			files = (
			);
			runOnlyForDeploymentPostprocessing = 0;
		};
/* End PBXSourcesBuildPhase section */

/* Begin PBXTargetDependency section */
		AADAF0BF2EB3F0C700C6E5BA /* PBXTargetDependency */ = {
			isa = PBXTargetDependency;
			target = AADAF0A62EB3F0C500C6E5BA /* KeyboardAi */;
			targetProxy = AADAF0BE2EB3F0C700C6E5BA /* PBXContainerItemProxy */;
		};
		AADAF0C92EB3F0C700C6E5BA /* PBXTargetDependency */ = {
			isa = PBXTargetDependency;
			target = AADAF0A62EB3F0C500C6E5BA /* KeyboardAi */;
			targetProxy = AADAF0C82EB3F0C700C6E5BA /* PBXContainerItemProxy */;
		};
		AADAF0E52EB3F0F400C6E5BA /* PBXTargetDependency */ = {
			isa = PBXTargetDependency;
			target = AADAF0DE2EB3F0F400C6E5BA /* KeyboardExtension */;
			targetProxy = AADAF0E42EB3F0F400C6E5BA /* PBXContainerItemProxy */;
		};
/* End PBXTargetDependency section */

/* Begin XCBuildConfiguration section */
		AADAF0D12EB3F0C700C6E5BA /* Debug */ = {
			isa = XCBuildConfiguration;
			buildSettings = {
				ASSETCATALOG_COMPILER_APPICON_NAME = AppIcon;
				ASSETCATALOG_COMPILER_GLOBAL_ACCENT_COLOR_NAME = AccentColor;
				CODE_SIGN_ENTITLEMENTS = KeyboardAi/KeyboardAi.entitlements;
				CODE_SIGN_STYLE = Automatic;
				CURRENT_PROJECT_VERSION = 1;
				DEVELOPMENT_TEAM = TLTGM73AGZ;
				GENERATE_INFOPLIST_FILE = YES;
				INFOPLIST_FILE = KeyboardAi/Info.plist;
				INFOPLIST_KEY_UIApplicationSupportsIndirectInputEvents = YES;
				INFOPLIST_KEY_UILaunchStoryboardName = LaunchScreen;
				INFOPLIST_KEY_UIMainStoryboardFile = Main;
				INFOPLIST_KEY_UISupportedInterfaceOrientations_iPad = "UIInterfaceOrientationPortrait UIInterfaceOrientationPortraitUpsideDown UIInterfaceOrientationLandscapeLeft UIInterfaceOrientationLandscapeRight";
				INFOPLIST_KEY_UISupportedInterfaceOrientations_iPhone = "UIInterfaceOrientationPortrait UIInterfaceOrientationLandscapeLeft UIInterfaceOrientationLandscapeRight";
				LD_RUNPATH_SEARCH_PATHS = (
					"$(inherited)",
					"@executable_path/Frameworks",
				);
				MARKETING_VERSION = 1.0;
				PRODUCT_BUNDLE_IDENTIFIER = tye.KeyboardAi;
				PRODUCT_NAME = "$(TARGET_NAME)";
				STRING_CATALOG_GENERATE_SYMBOLS = YES;
				SWIFT_APPROACHABLE_CONCURRENCY = YES;
				SWIFT_DEFAULT_ACTOR_ISOLATION = MainActor;
				SWIFT_EMIT_LOC_STRINGS = YES;
				SWIFT_UPCOMING_FEATURE_MEMBER_IMPORT_VISIBILITY = YES;
				SWIFT_VERSION = 5.0;
				TARGETED_DEVICE_FAMILY = "1,2";
			};
			name = Debug;
		};
		AADAF0D22EB3F0C700C6E5BA /* Release */ = {
			isa = XCBuildConfiguration;
			buildSettings = {
				ASSETCATALOG_COMPILER_APPICON_NAME = AppIcon;
				ASSETCATALOG_COMPILER_GLOBAL_ACCENT_COLOR_NAME = AccentColor;
				CODE_SIGN_ENTITLEMENTS = KeyboardAi/KeyboardAi.entitlements;
				CODE_SIGN_STYLE = Automatic;
				CURRENT_PROJECT_VERSION = 1;
				DEVELOPMENT_TEAM = TLTGM73AGZ;
				GENERATE_INFOPLIST_FILE = YES;
				INFOPLIST_FILE = KeyboardAi/Info.plist;
				INFOPLIST_KEY_UIApplicationSupportsIndirectInputEvents = YES;
				INFOPLIST_KEY_UILaunchStoryboardName = LaunchScreen;
				INFOPLIST_KEY_UIMainStoryboardFile = Main;
				INFOPLIST_KEY_UISupportedInterfaceOrientations_iPad = "UIInterfaceOrientationPortrait UIInterfaceOrientationPortraitUpsideDown UIInterfaceOrientationLandscapeLeft UIInterfaceOrientationLandscapeRight";
				INFOPLIST_KEY_UISupportedInterfaceOrientations_iPhone = "UIInterfaceOrientationPortrait UIInterfaceOrientationLandscapeLeft UIInterfaceOrientationLandscapeRight";
				LD_RUNPATH_SEARCH_PATHS = (
					"$(inherited)",
					"@executable_path/Frameworks",
				);
				MARKETING_VERSION = 1.0;
				PRODUCT_BUNDLE_IDENTIFIER = tye.KeyboardAi;
				PRODUCT_NAME = "$(TARGET_NAME)";
				STRING_CATALOG_GENERATE_SYMBOLS = YES;
				SWIFT_APPROACHABLE_CONCURRENCY = YES;
				SWIFT_DEFAULT_ACTOR_ISOLATION = MainActor;
				SWIFT_EMIT_LOC_STRINGS = YES;
				SWIFT_UPCOMING_FEATURE_MEMBER_IMPORT_VISIBILITY = YES;
				SWIFT_VERSION = 5.0;
				TARGETED_DEVICE_FAMILY = "1,2";
			};
			name = Release;
		};
		AADAF0D32EB3F0C700C6E5BA /* Debug */ = {
			isa = XCBuildConfiguration;
			buildSettings = {
				ALWAYS_SEARCH_USER_PATHS = NO;
				ASSETCATALOG_COMPILER_GENERATE_SWIFT_ASSET_SYMBOL_EXTENSIONS = YES;
				CLANG_ANALYZER_NONNULL = YES;
				CLANG_ANALYZER_NUMBER_OBJECT_CONVERSION = YES_AGGRESSIVE;
				CLANG_CXX_LANGUAGE_STANDARD = "gnu++20";
				CLANG_ENABLE_MODULES = YES;
				CLANG_ENABLE_OBJC_ARC = YES;
				CLANG_ENABLE_OBJC_WEAK = YES;
				CLANG_WARN_BLOCK_CAPTURE_AUTORELEASING = YES;
				CLANG_WARN_BOOL_CONVERSION = YES;
				CLANG_WARN_COMMA = YES;
				CLANG_WARN_CONSTANT_CONVERSION = YES;
				CLANG_WARN_DEPRECATED_OBJC_IMPLEMENTATIONS = YES;
				CLANG_WARN_DIRECT_OBJC_ISA_USAGE = YES_ERROR;
				CLANG_WARN_DOCUMENTATION_COMMENTS = YES;
				CLANG_WARN_EMPTY_BODY = YES;
				CLANG_WARN_ENUM_CONVERSION = YES;
				CLANG_WARN_INFINITE_RECURSION = YES;
				CLANG_WARN_INT_CONVERSION = YES;
				CLANG_WARN_NON_LITERAL_NULL_CONVERSION = YES;
				CLANG_WARN_OBJC_IMPLICIT_RETAIN_SELF = YES;
				CLANG_WARN_OBJC_LITERAL_CONVERSION = YES;
				CLANG_WARN_OBJC_ROOT_CLASS = YES_ERROR;
				CLANG_WARN_QUOTED_INCLUDE_IN_FRAMEWORK_HEADER = YES;
				CLANG_WARN_RANGE_LOOP_ANALYSIS = YES;
				CLANG_WARN_STRICT_PROTOTYPES = YES;
				CLANG_WARN_SUSPICIOUS_MOVE = YES;
				CLANG_WARN_UNGUARDED_AVAILABILITY = YES_AGGRESSIVE;
				CLANG_WARN_UNREACHABLE_CODE = YES;
				CLANG_WARN__DUPLICATE_METHOD_MATCH = YES;
				COPY_PHASE_STRIP = NO;
				DEBUG_INFORMATION_FORMAT = dwarf;
				ENABLE_STRICT_OBJC_MSGSEND = YES;
				ENABLE_TESTABILITY = YES;
				ENABLE_USER_SCRIPT_SANDBOXING = YES;
				GCC_C_LANGUAGE_STANDARD = gnu17;
				GCC_DYNAMIC_NO_PIC = NO;
				GCC_NO_COMMON_BLOCKS = YES;
				GCC_OPTIMIZATION_LEVEL = 0;
				GCC_PREPROCESSOR_DEFINITIONS = (
					"DEBUG=1",
					"$(inherited)",
				);
				GCC_WARN_64_TO_32_BIT_CONVERSION = YES;
				GCC_WARN_ABOUT_RETURN_TYPE = YES_ERROR;
				GCC_WARN_UNDECLARED_SELECTOR = YES;
				GCC_WARN_UNINITIALIZED_AUTOS = YES_AGGRESSIVE;
				GCC_WARN_UNUSED_FUNCTION = YES;
				GCC_WARN_UNUSED_VARIABLE = YES;
				IPHONEOS_DEPLOYMENT_TARGET = 26.0;
				LOCALIZATION_PREFERS_STRING_CATALOGS = YES;
				MTL_ENABLE_DEBUG_INFO = INCLUDE_SOURCE;
				MTL_FAST_MATH = YES;
				ONLY_ACTIVE_ARCH = YES;
				SDKROOT = iphoneos;
				SWIFT_ACTIVE_COMPILATION_CONDITIONS = "DEBUG $(inherited)";
				SWIFT_OPTIMIZATION_LEVEL = "-Onone";
			};
			name = Debug;
		};
		AADAF0D42EB3F0C700C6E5BA /* Release */ = {
			isa = XCBuildConfiguration;
			buildSettings = {
				ALWAYS_SEARCH_USER_PATHS = NO;
				ASSETCATALOG_COMPILER_GENERATE_SWIFT_ASSET_SYMBOL_EXTENSIONS = YES;
				CLANG_ANALYZER_NONNULL = YES;
				CLANG_ANALYZER_NUMBER_OBJECT_CONVERSION = YES_AGGRESSIVE;
				CLANG_CXX_LANGUAGE_STANDARD = "gnu++20";
				CLANG_ENABLE_MODULES = YES;
				CLANG_ENABLE_OBJC_ARC = YES;
				CLANG_ENABLE_OBJC_WEAK = YES;
				CLANG_WARN_BLOCK_CAPTURE_AUTORELEASING = YES;
				CLANG_WARN_BOOL_CONVERSION = YES;
				CLANG_WARN_COMMA = YES;
				CLANG_WARN_CONSTANT_CONVERSION = YES;
				CLANG_WARN_DEPRECATED_OBJC_IMPLEMENTATIONS = YES;
				CLANG_WARN_DIRECT_OBJC_ISA_USAGE = YES_ERROR;
				CLANG_WARN_DOCUMENTATION_COMMENTS = YES;
				CLANG_WARN_EMPTY_BODY = YES;
				CLANG_WARN_ENUM_CONVERSION = YES;
				CLANG_WARN_INFINITE_RECURSION = YES;
				CLANG_WARN_INT_CONVERSION = YES;
				CLANG_WARN_NON_LITERAL_NULL_CONVERSION = YES;
				CLANG_WARN_OBJC_IMPLICIT_RETAIN_SELF = YES;
				CLANG_WARN_OBJC_LITERAL_CONVERSION = YES;
				CLANG_WARN_OBJC_ROOT_CLASS = YES_ERROR;
				CLANG_WARN_QUOTED_INCLUDE_IN_FRAMEWORK_HEADER = YES;
				CLANG_WARN_RANGE_LOOP_ANALYSIS = YES;
				CLANG_WARN_STRICT_PROTOTYPES = YES;
				CLANG_WARN_SUSPICIOUS_MOVE = YES;
				CLANG_WARN_UNGUARDED_AVAILABILITY = YES_AGGRESSIVE;
				CLANG_WARN_UNREACHABLE_CODE = YES;
				CLANG_WARN__DUPLICATE_METHOD_MATCH = YES;
				COPY_PHASE_STRIP = NO;
				DEBUG_INFORMATION_FORMAT = "dwarf-with-dsym";
				ENABLE_NS_ASSERTIONS = NO;
				ENABLE_STRICT_OBJC_MSGSEND = YES;
				ENABLE_USER_SCRIPT_SANDBOXING = YES;
				GCC_C_LANGUAGE_STANDARD = gnu17;
				GCC_NO_COMMON_BLOCKS = YES;
				GCC_WARN_64_TO_32_BIT_CONVERSION = YES;
				GCC_WARN_ABOUT_RETURN_TYPE = YES_ERROR;
				GCC_WARN_UNDECLARED_SELECTOR = YES;
				GCC_WARN_UNINITIALIZED_AUTOS = YES_AGGRESSIVE;
				GCC_WARN_UNUSED_FUNCTION = YES;
				GCC_WARN_UNUSED_VARIABLE = YES;
				IPHONEOS_DEPLOYMENT_TARGET = 26.0;
				LOCALIZATION_PREFERS_STRING_CATALOGS = YES;
				MTL_ENABLE_DEBUG_INFO = NO;
				MTL_FAST_MATH = YES;
				SDKROOT = iphoneos;
				SWIFT_COMPILATION_MODE = wholemodule;
				VALIDATE_PRODUCT = YES;
			};
			name = Release;
		};
		AADAF0D62EB3F0C700C6E5BA /* Debug */ = {
			isa = XCBuildConfiguration;
			buildSettings = {
				BUNDLE_LOADER = "$(TEST_HOST)";
				CODE_SIGN_STYLE = Automatic;
				CURRENT_PROJECT_VERSION = 1;
				GENERATE_INFOPLIST_FILE = YES;
				IPHONEOS_DEPLOYMENT_TARGET = 26.0;
				MARKETING_VERSION = 1.0;
				PRODUCT_BUNDLE_IDENTIFIER = tye.KeyboardAiTests;
				PRODUCT_NAME = "$(TARGET_NAME)";
				STRING_CATALOG_GENERATE_SYMBOLS = NO;
				SWIFT_APPROACHABLE_CONCURRENCY = YES;
				SWIFT_EMIT_LOC_STRINGS = NO;
				SWIFT_UPCOMING_FEATURE_MEMBER_IMPORT_VISIBILITY = YES;
				SWIFT_VERSION = 5.0;
				TARGETED_DEVICE_FAMILY = "1,2";
				TEST_HOST = "$(BUILT_PRODUCTS_DIR)/KeyboardAi.app/$(BUNDLE_EXECUTABLE_FOLDER_PATH)/KeyboardAi";
			};
			name = Debug;
		};
		AADAF0D72EB3F0C700C6E5BA /* Release */ = {
			isa = XCBuildConfiguration;
			buildSettings = {
				BUNDLE_LOADER = "$(TEST_HOST)";
				CODE_SIGN_STYLE = Automatic;
				CURRENT_PROJECT_VERSION = 1;
				GENERATE_INFOPLIST_FILE = YES;
				IPHONEOS_DEPLOYMENT_TARGET = 26.0;
				MARKETING_VERSION = 1.0;
				PRODUCT_BUNDLE_IDENTIFIER = tye.KeyboardAiTests;
				PRODUCT_NAME = "$(TARGET_NAME)";
				STRING_CATALOG_GENERATE_SYMBOLS = NO;
				SWIFT_APPROACHABLE_CONCURRENCY = YES;
				SWIFT_EMIT_LOC_STRINGS = NO;
				SWIFT_UPCOMING_FEATURE_MEMBER_IMPORT_VISIBILITY = YES;
				SWIFT_VERSION = 5.0;
				TARGETED_DEVICE_FAMILY = "1,2";
				TEST_HOST = "$(BUILT_PRODUCTS_DIR)/KeyboardAi.app/$(BUNDLE_EXECUTABLE_FOLDER_PATH)/KeyboardAi";
			};
			name = Release;
		};
		AADAF0D92EB3F0C700C6E5BA /* Debug */ = {
			isa = XCBuildConfiguration;
			buildSettings = {
				CODE_SIGN_STYLE = Automatic;
				CURRENT_PROJECT_VERSION = 1;
				GENERATE_INFOPLIST_FILE = YES;
				MARKETING_VERSION = 1.0;
				PRODUCT_BUNDLE_IDENTIFIER = tye.KeyboardAiUITests;
				PRODUCT_NAME = "$(TARGET_NAME)";
				STRING_CATALOG_GENERATE_SYMBOLS = NO;
				SWIFT_APPROACHABLE_CONCURRENCY = YES;
				SWIFT_EMIT_LOC_STRINGS = NO;
				SWIFT_UPCOMING_FEATURE_MEMBER_IMPORT_VISIBILITY = YES;
				SWIFT_VERSION = 5.0;
				TARGETED_DEVICE_FAMILY = "1,2";
				TEST_TARGET_NAME = KeyboardAi;
			};
			name = Debug;
		};
		AADAF0DA2EB3F0C700C6E5BA /* Release */ = {
			isa = XCBuildConfiguration;
			buildSettings = {
				CODE_SIGN_STYLE = Automatic;
				CURRENT_PROJECT_VERSION = 1;
				GENERATE_INFOPLIST_FILE = YES;
				MARKETING_VERSION = 1.0;
				PRODUCT_BUNDLE_IDENTIFIER = tye.KeyboardAiUITests;
				PRODUCT_NAME = "$(TARGET_NAME)";
				STRING_CATALOG_GENERATE_SYMBOLS = NO;
				SWIFT_APPROACHABLE_CONCURRENCY = YES;
				SWIFT_EMIT_LOC_STRINGS = NO;
				SWIFT_UPCOMING_FEATURE_MEMBER_IMPORT_VISIBILITY = YES;
				SWIFT_VERSION = 5.0;
				TARGETED_DEVICE_FAMILY = "1,2";
				TEST_TARGET_NAME = KeyboardAi;
			};
			name = Release;
		};
		AADAF0E82EB3F0F400C6E5BA /* Debug */ = {
			isa = XCBuildConfiguration;
			buildSettings = {
				CODE_SIGN_ENTITLEMENTS = KeyboardExtension/KeyboardExtension.entitlements;
				CODE_SIGN_STYLE = Automatic;
				CURRENT_PROJECT_VERSION = 1;
				DEVELOPMENT_TEAM = TLTGM73AGZ;
				GENERATE_INFOPLIST_FILE = YES;
				INFOPLIST_FILE = KeyboardExtension/Info.plist;
				INFOPLIST_KEY_CFBundleDisplayName = KeyboardExtension;
				INFOPLIST_KEY_NSHumanReadableCopyright = "";
				LD_RUNPATH_SEARCH_PATHS = (
					"$(inherited)",
					"@executable_path/Frameworks",
					"@executable_path/../../Frameworks",
				);
				MARKETING_VERSION = 1.0;
				PRODUCT_BUNDLE_IDENTIFIER = tye.KeyboardAi.KeyboardExtension;
				PRODUCT_NAME = "$(TARGET_NAME)";
				SKIP_INSTALL = YES;
				STRING_CATALOG_GENERATE_SYMBOLS = YES;
				SWIFT_APPROACHABLE_CONCURRENCY = YES;
				SWIFT_EMIT_LOC_STRINGS = YES;
				SWIFT_UPCOMING_FEATURE_MEMBER_IMPORT_VISIBILITY = YES;
				SWIFT_VERSION = 5.0;
				TARGETED_DEVICE_FAMILY = "1,2";
			};
			name = Debug;
		};
		AADAF0E92EB3F0F400C6E5BA /* Release */ = {
			isa = XCBuildConfiguration;
			buildSettings = {
				CODE_SIGN_ENTITLEMENTS = KeyboardExtension/KeyboardExtension.entitlements;
				CODE_SIGN_STYLE = Automatic;
				CURRENT_PROJECT_VERSION = 1;
				DEVELOPMENT_TEAM = TLTGM73AGZ;
				GENERATE_INFOPLIST_FILE = YES;
				INFOPLIST_FILE = KeyboardExtension/Info.plist;
				INFOPLIST_KEY_CFBundleDisplayName = KeyboardExtension;
				INFOPLIST_KEY_NSHumanReadableCopyright = "";
				LD_RUNPATH_SEARCH_PATHS = (
					"$(inherited)",
					"@executable_path/Frameworks",
					"@executable_path/../../Frameworks",
				);
				MARKETING_VERSION = 1.0;
				PRODUCT_BUNDLE_IDENTIFIER = tye.KeyboardAi.KeyboardExtension;
				PRODUCT_NAME = "$(TARGET_NAME)";
				SKIP_INSTALL = YES;
				STRING_CATALOG_GENERATE_SYMBOLS = YES;
				SWIFT_APPROACHABLE_CONCURRENCY = YES;
				SWIFT_EMIT_LOC_STRINGS = YES;
				SWIFT_UPCOMING_FEATURE_MEMBER_IMPORT_VISIBILITY = YES;
				SWIFT_VERSION = 5.0;
				TARGETED_DEVICE_FAMILY = "1,2";
			};
			name = Release;
		};
/* End XCBuildConfiguration section */

/* Begin XCConfigurationList section */
		AADAF0A22EB3F0C500C6E5BA /* Build configuration list for PBXProject "KeyboardAi" */ = {
			isa = XCConfigurationList;
			buildConfigurations = (
				AADAF0D32EB3F0C700C6E5BA /* Debug */,
				AADAF0D42EB3F0C700C6E5BA /* Release */,
			);
			defaultConfigurationIsVisible = 0;
			defaultConfigurationName = Release;
		};
		AADAF0D02EB3F0C700C6E5BA /* Build configuration list for PBXNativeTarget "KeyboardAi" */ = {
			isa = XCConfigurationList;
			buildConfigurations = (
				AADAF0D12EB3F0C700C6E5BA /* Debug */,
				AADAF0D22EB3F0C700C6E5BA /* Release */,
			);
			defaultConfigurationIsVisible = 0;
			defaultConfigurationName = Release;
		};
		AADAF0D52EB3F0C700C6E5BA /* Build configuration list for PBXNativeTarget "KeyboardAiTests" */ = {
			isa = XCConfigurationList;
			buildConfigurations = (
				AADAF0D62EB3F0C700C6E5BA /* Debug */,
				AADAF0D72EB3F0C700C6E5BA /* Release */,
			);
			defaultConfigurationIsVisible = 0;
			defaultConfigurationName = Release;
		};
		AADAF0D82EB3F0C700C6E5BA /* Build configuration list for PBXNativeTarget "KeyboardAiUITests" */ = {
			isa = XCConfigurationList;
			buildConfigurations = (
				AADAF0D92EB3F0C700C6E5BA /* Debug */,
				AADAF0DA2EB3F0C700C6E5BA /* Release */,
			);
			defaultConfigurationIsVisible = 0;
			defaultConfigurationName = Release;
		};
		AADAF0E72EB3F0F400C6E5BA /* Build configuration list for PBXNativeTarget "KeyboardExtension" */ = {
			isa = XCConfigurationList;
			buildConfigurations = (
				AADAF0E82EB3F0F400C6E5BA /* Debug */,
				AADAF0E92EB3F0F400C6E5BA /* Release */,
			);
			defaultConfigurationIsVisible = 0;
			defaultConfigurationName = Release;
		};
/* End XCConfigurationList section */
	};
	rootObject = AADAF09F2EB3F0C500C6E5BA /* Project object */;
}
