{
  "originHash" : "1707080cc681be7b9ce6d63ea936be5a22fe5a8dff4532f52aea002c594e3127",
  "pins" : [
    {
      "identity" : "keyboardkit",
      "kind" : "remoteSourceControl",
      "location" : "https://github.com/KeyboardKit/KeyboardKit.git",
      "state" : {
        "revision" : "73f5d1a63e3f3e212db1fff49dc332e38f93a435",
        "version" : "10.0.5"
      }
    }
  ],
  "version" : 3
}
